{
  "name": "invisible-cinemeta",
  "version": "0.1.0",
  "lockfileVersion": 3,
  "packages": {
    "": {
      "name": "invisible-cinemeta",
      "version": "0.1.0",
      "dependencies": {
        "next": "15.0.1",
        "react": "18.3.1",
        "react-dom": "18.3.1",
        "react-confetti": "6.1.0",
        "react-copy-to-clipboard": "5.1.0",
        "react-hook-form": "7.53.1",
        "react-hot-toast": "2.4.1",
        "react-use": "17.5.1"
      },
      "devDependencies": {
        "@types/node": "20.11.30",
        "@types/react": "18.3.3",
        "@types/react-dom": "18.3.1",
        "@types/react-copy-to-clipboard": "5.0.7",
        "typescript": "5.4.5",
        "eslint": "8.57.0",
        "eslint-config-next": "15.0.1",
        "tailwindcss": "3.4.1",
        "postcss": "8.4.38",
        "daisyui": "4.12.13"
      }
    }
  }
}
