{
  "name": "invisible-cinemeta",
  "version": "0.1.0",
  "lockfileVersion": 3,
  "requires": true,
  "packages": {
    "": {
      "name": "invisible-cinemeta",
      "version": "0.1.0",
      "dependencies": {
        "next": "15.0.1",
        "react": "18.3.1",
        "react-dom": "18.3.1",
        "react-confetti": "6.1.0",
        "react-copy-to-clipboard": "5.1.0",
        "react-hook-form": "7.53.1",
        "react-hot-toast": "2.4.1",
        "react-use": "17.5.1",
        "@types/node": "20.11.30",
        "@types/react": "18.3.3",
        "@types/react-dom": "18.3.1",
        "@types/react-copy-to-clipboard": "5.0.7",
        "typescript": "5.4.5",
        "eslint": "8.57.0",
        "eslint-config-next": "15.0.1",
        "tailwindcss": "3.4.1",
        "postcss": "8.4.38",
        "daisyui": "4.12.13"
      }
    }
  },
  "dependencies": {
    "next": { "version": "15.0.1", "resolved": "https://registry.npmjs.org/next/-/next-15.0.1.tgz", "integrity": "", "dev": false },
    "react": { "version": "18.3.1", "resolved": "https://registry.npmjs.org/react/-/react-18.3.1.tgz", "integrity": "", "dev": false },
    "react-dom": { "version": "18.3.1", "resolved": "https://registry.npmjs.org/react-dom/-/react-dom-18.3.1.tgz", "integrity": "", "dev": false },
    "react-confetti": { "version": "6.1.0", "resolved": "https://registry.npmjs.org/react-confetti/-/react-confetti-6.1.0.tgz", "integrity": "", "dev": false },
    "react-copy-to-clipboard": { "version": "5.1.0", "resolved": "https://registry.npmjs.org/react-copy-to-clipboard/-/react-copy-to-clipboard-5.1.0.tgz", "integrity": "", "dev": false },
    "react-hook-form": { "version": "7.53.1", "resolved": "https://registry.npmjs.org/react-hook-form/-/react-hook-form-7.53.1.tgz", "integrity": "", "dev": false },
    "react-hot-toast": { "version": "2.4.1", "resolved": "https://registry.npmjs.org/react-hot-toast/-/react-hot-toast-2.4.1.tgz", "integrity": "", "dev": false },
    "react-use": { "version": "17.5.1", "resolved": "https://registry.npmjs.org/react-use/-/react-use-17.5.1.tgz", "integrity": "", "dev": false },
    "@types/node": { "version": "20.11.30", "resolved": "https://registry.npmjs.org/@types/node/-/node-20.11.30.tgz", "integrity": "", "dev": true },
    "@types/react": { "version": "18.3.3", "resolved": "https://registry.npmjs.org/@types/react/-/react-18.3.3.tgz", "integrity": "", "dev": true },
    "@types/react-dom": { "version": "18.3.1", "resolved": "https://registry.npmjs.org/@types/react-dom/-/react-dom-18.3.1.tgz", "integrity": "", "dev": true },
    "@types/react-copy-to-clipboard": { "version": "5.0.7", "resolved": "https://registry.npmjs.org/@types/react-copy-to-clipboard/-/react-copy-to-clipboard-5.0.7.tgz", "integrity": "", "dev": true },
    "typescript": { "version": "5.4.5", "resolved": "https://registry.npmjs.org/typescript/-/typescript-5.4.5.tgz", "integrity": "", "dev": true },
    "eslint": { "version": "8.57.0", "resolved": "https://registry.npmjs.org/eslint/-/eslint-8.57.0.tgz", "integrity": "", "dev": true },
    "eslint-config-next": { "version": "15.0.1", "resolved": "https://registry.npmjs.org/eslint-config-next/-/eslint-config-next-15.0.1.tgz", "integrity": "", "dev": true },
    "tailwindcss": { "version": "3.4.1", "resolved": "https://registry.npmjs.org/tailwindcss/-/tailwindcss-3.4.1.tgz", "integrity": "", "dev": true },
    "postcss": { "version": "8.4.38", "resolved": "https://registry.npmjs.org/postcss/-/postcss-8.4.38.tgz", "integrity": "", "dev": true },
    "daisyui": { "version": "4.12.13", "resolved": "https://registry.npmjs.org/daisyui/-/daisyui-4.12.13.tgz", "integrity": "", "dev": true }
  }
}
